
Microsoft Visual Studio Solution File, Format Version 12.00
# Visual Studio Version 16
VisualStudioVersion = 16.0.32630.194
MinimumVisualStudioVersion = 10.0.40219.1
Project("{FAE04EC0-301F-11D3-BF4B-00C04F79EFBC}") = "EmployeeRegistration", "EmployeeRegistration\EmployeeRegistration.csproj", "{3263D7C3-1147-4A79-9C89-D604F4203F05}"
EndProject
Global
	GlobalSection(SolutionConfigurationPlatforms) = preSolution
		Debug|Any CPU = Debug|Any CPU
		Release|Any CPU = Release|Any CPU
	EndGlobalSection
	GlobalSection(ProjectConfigurationPlatforms) = postSolution
		{3263D7C3-1147-4A79-9C89-D604F4203F05}.Debug|Any CPU.ActiveCfg = Debug|Any CPU
		{3263D7C3-1147-4A79-9C89-D604F4203F05}.Debug|Any CPU.Build.0 = Debug|Any CPU
		{3263D7C3-1147-4A79-9C89-D604F4203F05}.Release|Any CPU.ActiveCfg = Release|Any CPU
		{3263D7C3-1147-4A79-9C89-D604F4203F05}.Release|Any CPU.Build.0 = Release|Any CPU
	EndGlobalSection
	GlobalSection(SolutionProperties) = preSolution
		HideSolutionNode = FALSE
	EndGlobalSection
	GlobalSection(ExtensibilityGlobals) = postSolution
		SolutionGuid = {E26BA099-1A5C-477C-B521-B3FF870CFD86}
	EndGlobalSection
EndGlobal
